// !$*UTF8*$!
{
	archiveVersion = 1;
	classes = {
	};
	objectVersion = 55;
	objects = {

/* Begin PBXBuildFile section */
		62DAB6DB2859E4C300C3E5C8 /* AppDelegate.swift in Sources */ = {isa = PBXBuildFile; fileRef = 62DAB6DA2859E4C300C3E5C8 /* AppDelegate.swift */; };
		62DAB6DD2859E4C300C3E5C8 /* SceneDelegate.swift in Sources */ = {isa = PBXBuildFile; fileRef = 62DAB6DC2859E4C300C3E5C8 /* SceneDelegate.swift */; };
		62DAB6DF2859E4C300C3E5C8 /* ViewController.swift in Sources */ = {isa = PBXBuildFile; fileRef = 62DAB6DE2859E4C300C3E5C8 /* ViewController.swift */; };
		62DAB6E22859E4C300C3E5C8 /* Main.storyboard in Resources */ = {isa = PBXBuildFile; fileRef = 62DAB6E02859E4C300C3E5C8 /* Main.storyboard */; };
		62DAB6E42859E4C700C3E5C8 /* Assets.xcassets in Resources */ = {isa = PBXBuildFile; fileRef = 62DAB6E32859E4C700C3E5C8 /* Assets.xcassets */; };
		62DAB6E72859E4C700C3E5C8 /* LaunchScreen.storyboard in Resources */ = {isa = PBXBuildFile; fileRef = 62DAB6E52859E4C700C3E5C8 /* LaunchScreen.storyboard */; };
		62DAB6F22859E4C700C3E5C8 /* BitcoinTrackerAppTests.swift in Sources */ = {isa = PBXBuildFile; fileRef = 62DAB6F12859E4C700C3E5C8 /* BitcoinTrackerAppTests.swift */; };
		62DAB6FC2859E4C700C3E5C8 /* BitcoinTrackerAppUITests.swift in Sources */ = {isa = PBXBuildFile; fileRef = 62DAB6FB2859E4C700C3E5C8 /* BitcoinTrackerAppUITests.swift */; };
		62DAB6FE2859E4C700C3E5C8 /* BitcoinTrackerAppUITestsLaunchTests.swift in Sources */ = {isa = PBXBuildFile; fileRef = 62DAB6FD2859E4C700C3E5C8 /* BitcoinTrackerAppUITestsLaunchTests.swift */; };
		62DAB70B2859E97E00C3E5C8 /* Price.swift in Sources */ = {isa = PBXBuildFile; fileRef = 62DAB70A2859E97E00C3E5C8 /* Price.swift */; };
/* End PBXBuildFile section */

/* Begin PBXContainerItemProxy section */
		62DAB6EE2859E4C700C3E5C8 /* PBXContainerItemProxy */ = {
			isa = PBXContainerItemProxy;
			containerPortal = 62DAB6CF2859E4C300C3E5C8 /* Project object */;
			proxyType = 1;
			remoteGlobalIDString = 62DAB6D62859E4C300C3E5C8;
			remoteInfo = BitcoinTrackerApp;
		};
		62DAB6F82859E4C700C3E5C8 /* PBXContainerItemProxy */ = {
			isa = PBXContainerItemProxy;
			containerPortal = 62DAB6CF2859E4C300C3E5C8 /* Project object */;
			proxyType = 1;
			remoteGlobalIDString = 62DAB6D62859E4C300C3E5C8;
			remoteInfo = BitcoinTrackerApp;
		};
/* End PBXContainerItemProxy section */

/* Begin PBXFileReference section */
		62DAB6D72859E4C300C3E5C8 /* BitcoinTrackerApp.app */ = {isa = PBXFileReference; explicitFileType = wrapper.application; includeInIndex = 0; path = BitcoinTrackerApp.app; sourceTree = BUILT_PRODUCTS_DIR; };
		62DAB6DA2859E4C300C3E5C8 /* AppDelegate.swift */ = {isa = PBXFileReference; lastKnownFileType = sourcecode.swift; path = AppDelegate.swift; sourceTree = "<group>"; };
		62DAB6DC2859E4C300C3E5C8 /* SceneDelegate.swift */ = {isa = PBXFileReference; lastKnownFileType = sourcecode.swift; path = SceneDelegate.swift; sourceTree = "<group>"; };
		62DAB6DE2859E4C300C3E5C8 /* ViewController.swift */ = {isa = PBXFileReference; lastKnownFileType = sourcecode.swift; path = ViewController.swift; sourceTree = "<group>"; };
		62DAB6E12859E4C300C3E5C8 /* Base */ = {isa = PBXFileReference; lastKnownFileType = file.storyboard; name = Base; path = Base.lproj/Main.storyboard; sourceTree = "<group>"; };
		62DAB6E32859E4C700C3E5C8 /* Assets.xcassets */ = {isa = PBXFileReference; lastKnownFileType = folder.assetcatalog; path = Assets.xcassets; sourceTree = "<group>"; };
		62DAB6E62859E4C700C3E5C8 /* Base */ = {isa = PBXFileReference; lastKnownFileType = file.storyboard; name = Base; path = Base.lproj/LaunchScreen.storyboard; sourceTree = "<group>"; };
		62DAB6E82859E4C700C3E5C8 /* Info.plist */ = {isa = PBXFileReference; lastKnownFileType = text.plist.xml; path = Info.plist; sourceTree = "<group>"; };
		62DAB6ED2859E4C700C3E5C8 /* BitcoinTrackerAppTests.xctest */ = {isa = PBXFileReference; explicitFileType = wrapper.cfbundle; includeInIndex = 0; path = BitcoinTrackerAppTests.xctest; sourceTree = BUILT_PRODUCTS_DIR; };
		62DAB6F12859E4C700C3E5C8 /* BitcoinTrackerAppTests.swift */ = {isa = PBXFileReference; lastKnownFileType = sourcecode.swift; path = BitcoinTrackerAppTests.swift; sourceTree = "<group>"; };
		62DAB6F72859E4C700C3E5C8 /* BitcoinTrackerAppUITests.xctest */ = {isa = PBXFileReference; explicitFileType = wrapper.cfbundle; includeInIndex = 0; path = BitcoinTrackerAppUITests.xctest; sourceTree = BUILT_PRODUCTS_DIR; };
		62DAB6FB2859E4C700C3E5C8 /* BitcoinTrackerAppUITests.swift */ = {isa = PBXFileReference; lastKnownFileType = sourcecode.swift; path = BitcoinTrackerAppUITests.swift; sourceTree = "<group>"; };
		62DAB6FD2859E4C700C3E5C8 /* BitcoinTrackerAppUITestsLaunchTests.swift */ = {isa = PBXFileReference; lastKnownFileType = sourcecode.swift; path = BitcoinTrackerAppUITestsLaunchTests.swift; sourceTree = "<group>"; };
		62DAB70A2859E97E00C3E5C8 /* Price.swift */ = {isa = PBXFileReference; lastKnownFileType = sourcecode.swift; path = Price.swift; sourceTree = "<group>"; };
/* End PBXFileReference section */

/* Begin PBXFrameworksBuildPhase section */
		62DAB6D42859E4C300C3E5C8 /* Frameworks */ = {
			isa = PBXFrameworksBuildPhase;
			buildActionMask = 2147483647;
			files = (
			);
			runOnlyForDeploymentPostprocessing = 0;
		};
		62DAB6EA2859E4C700C3E5C8 /* Frameworks */ = {
			isa = PBXFrameworksBuildPhase;
			buildActionMask = 2147483647;
			files = (
			);
			runOnlyForDeploymentPostprocessing = 0;
		};
		62DAB6F42859E4C700C3E5C8 /* Frameworks */ = {
			isa = PBXFrameworksBuildPhase;
			buildActionMask = 2147483647;
			files = (
			);
			runOnlyForDeploymentPostprocessing = 0;
		};
/* End PBXFrameworksBuildPhase section */

/* Begin PBXGroup section */
		62DAB6CE2859E4C300C3E5C8 = {
			isa = PBXGroup;
			children = (
				62DAB6D92859E4C300C3E5C8 /* BitcoinTrackerApp */,
				62DAB6F02859E4C700C3E5C8 /* BitcoinTrackerAppTests */,
				62DAB6FA2859E4C700C3E5C8 /* BitcoinTrackerAppUITests */,
				62DAB6D82859E4C300C3E5C8 /* Products */,
			);
			sourceTree = "<group>";
		};
		62DAB6D82859E4C300C3E5C8 /* Products */ = {
			isa = PBXGroup;
			children = (
				62DAB6D72859E4C300C3E5C8 /* BitcoinTrackerApp.app */,
				62DAB6ED2859E4C700C3E5C8 /* BitcoinTrackerAppTests.xctest */,
				62DAB6F72859E4C700C3E5C8 /* BitcoinTrackerAppUITests.xctest */,
			);
			name = Products;
			sourceTree = "<group>";
		};
		62DAB6D92859E4C300C3E5C8 /* BitcoinTrackerApp */ = {
			isa = PBXGroup;
			children = (
				62DAB6DA2859E4C300C3E5C8 /* AppDelegate.swift */,
				62DAB6DC2859E4C300C3E5C8 /* SceneDelegate.swift */,
				62DAB6DE2859E4C300C3E5C8 /* ViewController.swift */,
				62DAB70A2859E97E00C3E5C8 /* Price.swift */,
				62DAB6E02859E4C300C3E5C8 /* Main.storyboard */,
				62DAB6E32859E4C700C3E5C8 /* Assets.xcassets */,
				62DAB6E52859E4C700C3E5C8 /* LaunchScreen.storyboard */,
				62DAB6E82859E4C700C3E5C8 /* Info.plist */,
			);
			path = BitcoinTrackerApp;
			sourceTree = "<group>";
		};
		62DAB6F02859E4C700C3E5C8 /* BitcoinTrackerAppTests */ = {
			isa = PBXGroup;
			children = (
				62DAB6F12859E4C700C3E5C8 /* BitcoinTrackerAppTests.swift */,
			);
			path = BitcoinTrackerAppTests;
			sourceTree = "<group>";
		};
		62DAB6FA2859E4C700C3E5C8 /* BitcoinTrackerAppUITests */ = {
			isa = PBXGroup;
			children = (
				62DAB6FB2859E4C700C3E5C8 /* BitcoinTrackerAppUITests.swift */,
				62DAB6FD2859E4C700C3E5C8 /* BitcoinTrackerAppUITestsLaunchTests.swift */,
			);
			path = BitcoinTrackerAppUITests;
			sourceTree = "<group>";
		};
/* End PBXGroup section */

/* Begin PBXNativeTarget section */
		62DAB6D62859E4C300C3E5C8 /* BitcoinTrackerApp */ = {
			isa = PBXNativeTarget;
			buildConfigurationList = 62DAB7012859E4C700C3E5C8 /* Build configuration list for PBXNativeTarget "BitcoinTrackerApp" */;
			buildPhases = (
				62DAB6D32859E4C300C3E5C8 /* Sources */,
				62DAB6D42859E4C300C3E5C8 /* Frameworks */,
				62DAB6D52859E4C300C3E5C8 /* Resources */,
			);
			buildRules = (
			);
			dependencies = (
			);
			name = BitcoinTrackerApp;
			productName = BitcoinTrackerApp;
			productReference = 62DAB6D72859E4C300C3E5C8 /* BitcoinTrackerApp.app */;
			productType = "com.apple.product-type.application";
		};
		62DAB6EC2859E4C700C3E5C8 /* BitcoinTrackerAppTests */ = {
			isa = PBXNativeTarget;
			buildConfigurationList = 62DAB7042859E4C700C3E5C8 /* Build configuration list for PBXNativeTarget "BitcoinTrackerAppTests" */;
			buildPhases = (
				62DAB6E92859E4C700C3E5C8 /* Sources */,
				62DAB6EA2859E4C700C3E5C8 /* Frameworks */,
				62DAB6EB2859E4C700C3E5C8 /* Resources */,
			);
			buildRules = (
			);
			dependencies = (
				62DAB6EF2859E4C700C3E5C8 /* PBXTargetDependency */,
			);
			name = BitcoinTrackerAppTests;
			productName = BitcoinTrackerAppTests;
			productReference = 62DAB6ED2859E4C700C3E5C8 /* BitcoinTrackerAppTests.xctest */;
			productType = "com.apple.product-type.bundle.unit-test";
		};
		62DAB6F62859E4C700C3E5C8 /* BitcoinTrackerAppUITests */ = {
			isa = PBXNativeTarget;
			buildConfigurationList = 62DAB7072859E4C700C3E5C8 /* Build configuration list for PBXNativeTarget "BitcoinTrackerAppUITests" */;
			buildPhases = (
				62DAB6F32859E4C700C3E5C8 /* Sources */,
				62DAB6F42859E4C700C3E5C8 /* Frameworks */,
				62DAB6F52859E4C700C3E5C8 /* Resources */,
			);
			buildRules = (
			);
			dependencies = (
				62DAB6F92859E4C700C3E5C8 /* PBXTargetDependency */,
			);
			name = BitcoinTrackerAppUITests;
			productName = BitcoinTrackerAppUITests;
			productReference = 62DAB6F72859E4C700C3E5C8 /* BitcoinTrackerAppUITests.xctest */;
			productType = "com.apple.product-type.bundle.ui-testing";
		};
/* End PBXNativeTarget section */

/* Begin PBXProject section */
		62DAB6CF2859E4C300C3E5C8 /* Project object */ = {
			isa = PBXProject;
			attributes = {
				BuildIndependentTargetsInParallel = 1;
				LastSwiftUpdateCheck = 1340;
				LastUpgradeCheck = 1340;
				TargetAttributes = {
					62DAB6D62859E4C300C3E5C8 = {
						CreatedOnToolsVersion = 13.4;
					};
					62DAB6EC2859E4C700C3E5C8 = {
						CreatedOnToolsVersion = 13.4;
						TestTargetID = 62DAB6D62859E4C300C3E5C8;
					};
					62DAB6F62859E4C700C3E5C8 = {
						CreatedOnToolsVersion = 13.4;
						TestTargetID = 62DAB6D62859E4C300C3E5C8;
					};
				};
			};
			buildConfigurationList = 62DAB6D22859E4C300C3E5C8 /* Build configuration list for PBXProject "BitcoinTrackerApp" */;
			compatibilityVersion = "Xcode 13.0";
			developmentRegion = en;
			hasScannedForEncodings = 0;
			knownRegions = (
				en,
				Base,
			);
			mainGroup = 62DAB6CE2859E4C300C3E5C8;
			productRefGroup = 62DAB6D82859E4C300C3E5C8 /* Products */;
			projectDirPath = "";
			projectRoot = "";
			targets = (
				62DAB6D62859E4C300C3E5C8 /* BitcoinTrackerApp */,
				62DAB6EC2859E4C700C3E5C8 /* BitcoinTrackerAppTests */,
				62DAB6F62859E4C700C3E5C8 /* BitcoinTrackerAppUITests */,
			);
		};
/* End PBXProject section */

/* Begin PBXResourcesBuildPhase section */
		62DAB6D52859E4C300C3E5C8 /* Resources */ = {
			isa = PBXResourcesBuildPhase;
			buildActionMask = 2147483647;
			files = (
				62DAB6E72859E4C700C3E5C8 /* LaunchScreen.storyboard in Resources */,
				62DAB6E42859E4C700C3E5C8 /* Assets.xcassets in Resources */,
				62DAB6E22859E4C300C3E5C8 /* Main.storyboard in Resources */,
			);
			runOnlyForDeploymentPostprocessing = 0;
		};
		62DAB6EB2859E4C700C3E5C8 /* Resources */ = {
			isa = PBXResourcesBuildPhase;
			buildActionMask = 2147483647;
			files = (
			);
			runOnlyForDeploymentPostprocessing = 0;
		};
		62DAB6F52859E4C700C3E5C8 /* Resources */ = {
			isa = PBXResourcesBuildPhase;
			buildActionMask = 2147483647;
			files = (
			);
			runOnlyForDeploymentPostprocessing = 0;
		};
/* End PBXResourcesBuildPhase section */

/* Begin PBXSourcesBuildPhase section */
		62DAB6D32859E4C300C3E5C8 /* Sources */ = {
			isa = PBXSourcesBuildPhase;
			buildActionMask = 2147483647;
			files = (
				62DAB6DF2859E4C300C3E5C8 /* ViewController.swift in Sources */,
				62DAB70B2859E97E00C3E5C8 /* Price.swift in Sources */,
				62DAB6DB2859E4C300C3E5C8 /* AppDelegate.swift in Sources */,
				62DAB6DD2859E4C300C3E5C8 /* SceneDelegate.swift in Sources */,
			);
			runOnlyForDeploymentPostprocessing = 0;
		};
		62DAB6E92859E4C700C3E5C8 /* Sources */ = {
			isa = PBXSourcesBuildPhase;
			buildActionMask = 2147483647;
			files = (
				62DAB6F22859E4C700C3E5C8 /* BitcoinTrackerAppTests.swift in Sources */,
			);
			runOnlyForDeploymentPostprocessing = 0;
		};
		62DAB6F32859E4C700C3E5C8 /* Sources */ = {
			isa = PBXSourcesBuildPhase;
			buildActionMask = 2147483647;
			files = (
				62DAB6FE2859E4C700C3E5C8 /* BitcoinTrackerAppUITestsLaunchTests.swift in Sources */,
				62DAB6FC2859E4C700C3E5C8 /* BitcoinTrackerAppUITests.swift in Sources */,
			);
			runOnlyForDeploymentPostprocessing = 0;
		};
/* End PBXSourcesBuildPhase section */

/* Begin PBXTargetDependency section */
		62DAB6EF2859E4C700C3E5C8 /* PBXTargetDependency */ = {
			isa = PBXTargetDependency;
			target = 62DAB6D62859E4C300C3E5C8 /* BitcoinTrackerApp */;
			targetProxy = 62DAB6EE2859E4C700C3E5C8 /* PBXContainerItemProxy */;
		};
		62DAB6F92859E4C700C3E5C8 /* PBXTargetDependency */ = {
			isa = PBXTargetDependency;
			target = 62DAB6D62859E4C300C3E5C8 /* BitcoinTrackerApp */;
			targetProxy = 62DAB6F82859E4C700C3E5C8 /* PBXContainerItemProxy */;
		};
/* End PBXTargetDependency section */

/* Begin PBXVariantGroup section */
		62DAB6E02859E4C300C3E5C8 /* Main.storyboard */ = {
			isa = PBXVariantGroup;
			children = (
				62DAB6E12859E4C300C3E5C8 /* Base */,
			);
			name = Main.storyboard;
			sourceTree = "<group>";
		};
		62DAB6E52859E4C700C3E5C8 /* LaunchScreen.storyboard */ = {
			isa = PBXVariantGroup;
			children = (
				62DAB6E62859E4C700C3E5C8 /* Base */,
			);
			name = LaunchScreen.storyboard;
			sourceTree = "<group>";
		};
/* End PBXVariantGroup section */

/* Begin XCBuildConfiguration section */
		62DAB6FF2859E4C700C3E5C8 /* Debug */ = {
			isa = XCBuildConfiguration;
			buildSettings = {
				ALWAYS_SEARCH_USER_PATHS = NO;
				CLANG_ANALYZER_NONNULL = YES;
				CLANG_ANALYZER_NUMBER_OBJECT_CONVERSION = YES_AGGRESSIVE;
				CLANG_CXX_LANGUAGE_STANDARD = "gnu++17";
				CLANG_ENABLE_MODULES = YES;
				CLANG_ENABLE_OBJC_ARC = YES;
				CLANG_ENABLE_OBJC_WEAK = YES;
				CLANG_WARN_BLOCK_CAPTURE_AUTORELEASING = YES;
				CLANG_WARN_BOOL_CONVERSION = YES;
				CLANG_WARN_COMMA = YES;
				CLANG_WARN_CONSTANT_CONVERSION = YES;
				CLANG_WARN_DEPRECATED_OBJC_IMPLEMENTATIONS = YES;
				CLANG_WARN_DIRECT_OBJC_ISA_USAGE = YES_ERROR;
				CLANG_WARN_DOCUMENTATION_COMMENTS = YES;
				CLANG_WARN_EMPTY_BODY = YES;
				CLANG_WARN_ENUM_CONVERSION = YES;
				CLANG_WARN_INFINITE_RECURSION = YES;
				CLANG_WARN_INT_CONVERSION = YES;
				CLANG_WARN_NON_LITERAL_NULL_CONVERSION = YES;
				CLANG_WARN_OBJC_IMPLICIT_RETAIN_SELF = YES;
				CLANG_WARN_OBJC_LITERAL_CONVERSION = YES;
				CLANG_WARN_OBJC_ROOT_CLASS = YES_ERROR;
				CLANG_WARN_QUOTED_INCLUDE_IN_FRAMEWORK_HEADER = YES;
				CLANG_WARN_RANGE_LOOP_ANALYSIS = YES;
				CLANG_WARN_STRICT_PROTOTYPES = YES;
				CLANG_WARN_SUSPICIOUS_MOVE = YES;
				CLANG_WARN_UNGUARDED_AVAILABILITY = YES_AGGRESSIVE;
				CLANG_WARN_UNREACHABLE_CODE = YES;
				CLANG_WARN__DUPLICATE_METHOD_MATCH = YES;
				COPY_PHASE_STRIP = NO;
				DEBUG_INFORMATION_FORMAT = dwarf;
				ENABLE_STRICT_OBJC_MSGSEND = YES;
				ENABLE_TESTABILITY = YES;
				GCC_C_LANGUAGE_STANDARD = gnu11;
				GCC_DYNAMIC_NO_PIC = NO;
				GCC_NO_COMMON_BLOCKS = YES;
				GCC_OPTIMIZATION_LEVEL = 0;
				GCC_PREPROCESSOR_DEFINITIONS = (
					"DEBUG=1",
					"$(inherited)",
				);
				GCC_WARN_64_TO_32_BIT_CONVERSION = YES;
				GCC_WARN_ABOUT_RETURN_TYPE = YES_ERROR;
				GCC_WARN_UNDECLARED_SELECTOR = YES;
				GCC_WARN_UNINITIALIZED_AUTOS = YES_AGGRESSIVE;
				GCC_WARN_UNUSED_FUNCTION = YES;
				GCC_WARN_UNUSED_VARIABLE = YES;
				IPHONEOS_DEPLOYMENT_TARGET = 15.5;
				MTL_ENABLE_DEBUG_INFO = INCLUDE_SOURCE;
				MTL_FAST_MATH = YES;
				ONLY_ACTIVE_ARCH = YES;
				SDKROOT = iphoneos;
				SWIFT_ACTIVE_COMPILATION_CONDITIONS = DEBUG;
				SWIFT_OPTIMIZATION_LEVEL = "-Onone";
			};
			name = Debug;
		};
		62DAB7002859E4C700C3E5C8 /* Release */ = {
			isa = XCBuildConfiguration;
			buildSettings = {
				ALWAYS_SEARCH_USER_PATHS = NO;
				CLANG_ANALYZER_NONNULL = YES;
				CLANG_ANALYZER_NUMBER_OBJECT_CONVERSION = YES_AGGRESSIVE;
				CLANG_CXX_LANGUAGE_STANDARD = "gnu++17";
				CLANG_ENABLE_MODULES = YES;
				CLANG_ENABLE_OBJC_ARC = YES;
				CLANG_ENABLE_OBJC_WEAK = YES;
				CLANG_WARN_BLOCK_CAPTURE_AUTORELEASING = YES;
				CLANG_WARN_BOOL_CONVERSION = YES;
				CLANG_WARN_COMMA = YES;
				CLANG_WARN_CONSTANT_CONVERSION = YES;
				CLANG_WARN_DEPRECATED_OBJC_IMPLEMENTATIONS = YES;
				CLANG_WARN_DIRECT_OBJC_ISA_USAGE = YES_ERROR;
				CLANG_WARN_DOCUMENTATION_COMMENTS = YES;
				CLANG_WARN_EMPTY_BODY = YES;
				CLANG_WARN_ENUM_CONVERSION = YES;
				CLANG_WARN_INFINITE_RECURSION = YES;
				CLANG_WARN_INT_CONVERSION = YES;
				CLANG_WARN_NON_LITERAL_NULL_CONVERSION = YES;
				CLANG_WARN_OBJC_IMPLICIT_RETAIN_SELF = YES;
				CLANG_WARN_OBJC_LITERAL_CONVERSION = YES;
				CLANG_WARN_OBJC_ROOT_CLASS = YES_ERROR;
				CLANG_WARN_QUOTED_INCLUDE_IN_FRAMEWORK_HEADER = YES;
				CLANG_WARN_RANGE_LOOP_ANALYSIS = YES;
				CLANG_WARN_STRICT_PROTOTYPES = YES;
				CLANG_WARN_SUSPICIOUS_MOVE = YES;
				CLANG_WARN_UNGUARDED_AVAILABILITY = YES_AGGRESSIVE;
				CLANG_WARN_UNREACHABLE_CODE = YES;
				CLANG_WARN__DUPLICATE_METHOD_MATCH = YES;
				COPY_PHASE_STRIP = NO;
				DEBUG_INFORMATION_FORMAT = "dwarf-with-dsym";
				ENABLE_NS_ASSERTIONS = NO;
				ENABLE_STRICT_OBJC_MSGSEND = YES;
				GCC_C_LANGUAGE_STANDARD = gnu11;
				GCC_NO_COMMON_BLOCKS = YES;
				GCC_WARN_64_TO_32_BIT_CONVERSION = YES;
				GCC_WARN_ABOUT_RETURN_TYPE = YES_ERROR;
				GCC_WARN_UNDECLARED_SELECTOR = YES;
				GCC_WARN_UNINITIALIZED_AUTOS = YES_AGGRESSIVE;
				GCC_WARN_UNUSED_FUNCTION = YES;
				GCC_WARN_UNUSED_VARIABLE = YES;
				IPHONEOS_DEPLOYMENT_TARGET = 15.5;
				MTL_ENABLE_DEBUG_INFO = NO;
				MTL_FAST_MATH = YES;
				SDKROOT = iphoneos;
				SWIFT_COMPILATION_MODE = wholemodule;
				SWIFT_OPTIMIZATION_LEVEL = "-O";
				VALIDATE_PRODUCT = YES;
			};
			name = Release;
		};
		62DAB7022859E4C700C3E5C8 /* Debug */ = {
			isa = XCBuildConfiguration;
			buildSettings = {
				ASSETCATALOG_COMPILER_APPICON_NAME = AppIcon;
				ASSETCATALOG_COMPILER_GLOBAL_ACCENT_COLOR_NAME = AccentColor;
				CODE_SIGN_STYLE = Automatic;
				CURRENT_PROJECT_VERSION = 1;
				DEVELOPMENT_TEAM = N93GQ4NB86;
				GENERATE_INFOPLIST_FILE = YES;
				INFOPLIST_FILE = BitcoinTrackerApp/Info.plist;
				INFOPLIST_KEY_UIApplicationSupportsIndirectInputEvents = YES;
				INFOPLIST_KEY_UILaunchStoryboardName = LaunchScreen;
				INFOPLIST_KEY_UIMainStoryboardFile = Main;
				INFOPLIST_KEY_UISupportedInterfaceOrientations_iPad = "UIInterfaceOrientationPortrait UIInterfaceOrientationPortraitUpsideDown UIInterfaceOrientationLandscapeLeft UIInterfaceOrientationLandscapeRight";
				INFOPLIST_KEY_UISupportedInterfaceOrientations_iPhone = "UIInterfaceOrientationPortrait UIInterfaceOrientationLandscapeLeft UIInterfaceOrientationLandscapeRight";
				LD_RUNPATH_SEARCH_PATHS = (
					"$(inherited)",
					"@executable_path/Frameworks",
				);
				MARKETING_VERSION = 1.0;
				PRODUCT_BUNDLE_IDENTIFIER = ncancay.BitcoinTrackerApp;
				PRODUCT_NAME = "$(TARGET_NAME)";
				SWIFT_EMIT_LOC_STRINGS = YES;
				SWIFT_VERSION = 5.0;
				TARGETED_DEVICE_FAMILY = "1,2";
			};
			name = Debug;
		};
		62DAB7032859E4C700C3E5C8 /* Release */ = {
			isa = XCBuildConfiguration;
			buildSettings = {
				ASSETCATALOG_COMPILER_APPICON_NAME = AppIcon;
				ASSETCATALOG_COMPILER_GLOBAL_ACCENT_COLOR_NAME = AccentColor;
				CODE_SIGN_STYLE = Automatic;
				CURRENT_PROJECT_VERSION = 1;
				DEVELOPMENT_TEAM = N93GQ4NB86;
				GENERATE_INFOPLIST_FILE = YES;
				INFOPLIST_FILE = BitcoinTrackerApp/Info.plist;
				INFOPLIST_KEY_UIApplicationSupportsIndirectInputEvents = YES;
				INFOPLIST_KEY_UILaunchStoryboardName = LaunchScreen;
				INFOPLIST_KEY_UIMainStoryboardFile = Main;
				INFOPLIST_KEY_UISupportedInterfaceOrientations_iPad = "UIInterfaceOrientationPortrait UIInterfaceOrientationPortraitUpsideDown UIInterfaceOrientationLandscapeLeft UIInterfaceOrientationLandscapeRight";
				INFOPLIST_KEY_UISupportedInterfaceOrientations_iPhone = "UIInterfaceOrientationPortrait UIInterfaceOrientationLandscapeLeft UIInterfaceOrientationLandscapeRight";
				LD_RUNPATH_SEARCH_PATHS = (
					"$(inherited)",
					"@executable_path/Frameworks",
				);
				MARKETING_VERSION = 1.0;
				PRODUCT_BUNDLE_IDENTIFIER = ncancay.BitcoinTrackerApp;
				PRODUCT_NAME = "$(TARGET_NAME)";
				SWIFT_EMIT_LOC_STRINGS = YES;
				SWIFT_VERSION = 5.0;
				TARGETED_DEVICE_FAMILY = "1,2";
			};
			name = Release;
		};
		62DAB7052859E4C700C3E5C8 /* Debug */ = {
			isa = XCBuildConfiguration;
			buildSettings = {
				ALWAYS_EMBED_SWIFT_STANDARD_LIBRARIES = YES;
				BUNDLE_LOADER = "$(TEST_HOST)";
				CODE_SIGN_STYLE = Automatic;
				CURRENT_PROJECT_VERSION = 1;
				DEVELOPMENT_TEAM = N93GQ4NB86;
				GENERATE_INFOPLIST_FILE = YES;
				IPHONEOS_DEPLOYMENT_TARGET = 15.5;
				MARKETING_VERSION = 1.0;
				PRODUCT_BUNDLE_IDENTIFIER = ncancay.BitcoinTrackerAppTests;
				PRODUCT_NAME = "$(TARGET_NAME)";
				SWIFT_EMIT_LOC_STRINGS = NO;
				SWIFT_VERSION = 5.0;
				TARGETED_DEVICE_FAMILY = "1,2";
				TEST_HOST = "$(BUILT_PRODUCTS_DIR)/BitcoinTrackerApp.app/BitcoinTrackerApp";
			};
			name = Debug;
		};
		62DAB7062859E4C700C3E5C8 /* Release */ = {
			isa = XCBuildConfiguration;
			buildSettings = {
				ALWAYS_EMBED_SWIFT_STANDARD_LIBRARIES = YES;
				BUNDLE_LOADER = "$(TEST_HOST)";
				CODE_SIGN_STYLE = Automatic;
				CURRENT_PROJECT_VERSION = 1;
				DEVELOPMENT_TEAM = N93GQ4NB86;
				GENERATE_INFOPLIST_FILE = YES;
				IPHONEOS_DEPLOYMENT_TARGET = 15.5;
				MARKETING_VERSION = 1.0;
				PRODUCT_BUNDLE_IDENTIFIER = ncancay.BitcoinTrackerAppTests;
				PRODUCT_NAME = "$(TARGET_NAME)";
				SWIFT_EMIT_LOC_STRINGS = NO;
				SWIFT_VERSION = 5.0;
				TARGETED_DEVICE_FAMILY = "1,2";
				TEST_HOST = "$(BUILT_PRODUCTS_DIR)/BitcoinTrackerApp.app/BitcoinTrackerApp";
			};
			name = Release;
		};
		62DAB7082859E4C700C3E5C8 /* Debug */ = {
			isa = XCBuildConfiguration;
			buildSettings = {
				ALWAYS_EMBED_SWIFT_STANDARD_LIBRARIES = YES;
				CODE_SIGN_STYLE = Automatic;
				CURRENT_PROJECT_VERSION = 1;
				DEVELOPMENT_TEAM = N93GQ4NB86;
				GENERATE_INFOPLIST_FILE = YES;
				MARKETING_VERSION = 1.0;
				PRODUCT_BUNDLE_IDENTIFIER = ncancay.BitcoinTrackerAppUITests;
				PRODUCT_NAME = "$(TARGET_NAME)";
				SWIFT_EMIT_LOC_STRINGS = NO;
				SWIFT_VERSION = 5.0;
				TARGETED_DEVICE_FAMILY = "1,2";
				TEST_TARGET_NAME = BitcoinTrackerApp;
			};
			name = Debug;
		};
		62DAB7092859E4C700C3E5C8 /* Release */ = {
			isa = XCBuildConfiguration;
			buildSettings = {
				ALWAYS_EMBED_SWIFT_STANDARD_LIBRARIES = YES;
				CODE_SIGN_STYLE = Automatic;
				CURRENT_PROJECT_VERSION = 1;
				DEVELOPMENT_TEAM = N93GQ4NB86;
				GENERATE_INFOPLIST_FILE = YES;
				MARKETING_VERSION = 1.0;
				PRODUCT_BUNDLE_IDENTIFIER = ncancay.BitcoinTrackerAppUITests;
				PRODUCT_NAME = "$(TARGET_NAME)";
				SWIFT_EMIT_LOC_STRINGS = NO;
				SWIFT_VERSION = 5.0;
				TARGETED_DEVICE_FAMILY = "1,2";
				TEST_TARGET_NAME = BitcoinTrackerApp;
			};
			name = Release;
		};
/* End XCBuildConfiguration section */

/* Begin XCConfigurationList section */
		62DAB6D22859E4C300C3E5C8 /* Build configuration list for PBXProject "BitcoinTrackerApp" */ = {
			isa = XCConfigurationList;
			buildConfigurations = (
				62DAB6FF2859E4C700C3E5C8 /* Debug */,
				62DAB7002859E4C700C3E5C8 /* Release */,
			);
			defaultConfigurationIsVisible = 0;
			defaultConfigurationName = Release;
		};
		62DAB7012859E4C700C3E5C8 /* Build configuration list for PBXNativeTarget "BitcoinTrackerApp" */ = {
			isa = XCConfigurationList;
			buildConfigurations = (
				62DAB7022859E4C700C3E5C8 /* Debug */,
				62DAB7032859E4C700C3E5C8 /* Release */,
			);
			defaultConfigurationIsVisible = 0;
			defaultConfigurationName = Release;
		};
		62DAB7042859E4C700C3E5C8 /* Build configuration list for PBXNativeTarget "BitcoinTrackerAppTests" */ = {
			isa = XCConfigurationList;
			buildConfigurations = (
				62DAB7052859E4C700C3E5C8 /* Debug */,
				62DAB7062859E4C700C3E5C8 /* Release */,
			);
			defaultConfigurationIsVisible = 0;
			defaultConfigurationName = Release;
		};
		62DAB7072859E4C700C3E5C8 /* Build configuration list for PBXNativeTarget "BitcoinTrackerAppUITests" */ = {
			isa = XCConfigurationList;
			buildConfigurations = (
				62DAB7082859E4C700C3E5C8 /* Debug */,
				62DAB7092859E4C700C3E5C8 /* Release */,
			);
			defaultConfigurationIsVisible = 0;
			defaultConfigurationName = Release;
		};
/* End XCConfigurationList section */
	};
	rootObject = 62DAB6CF2859E4C300C3E5C8 /* Project object */;
}
